
Microsoft Visual Studio Solution File, Format Version 12.00
# Visual Studio 15
VisualStudioVersion = 15.0.28307.1433
MinimumVisualStudioVersion = 10.0.40219.1
Project("{FAE04EC0-301F-11D3-BF4B-00C04F79EFBC}") = "MedidoresWeb", "MedidoresWeb\MedidoresWeb.csproj", "{58E58A0D-680F-4D7D-817D-4FDC93F862A4}"
EndProject
Project("{FAE04EC0-301F-11D3-BF4B-00C04F79EFBC}") = "Medidores_DAL", "Medidores_DAL\Medidores_DAL.csproj", "{A90C9DF3-70B9-491A-8C16-7F338E6C9B8C}"
EndProject
Global
	GlobalSection(SolutionConfigurationPlatforms) = preSolution
		Debug|Any CPU = Debug|Any CPU
		Release|Any CPU = Release|Any CPU
	EndGlobalSection
	GlobalSection(ProjectConfigurationPlatforms) = postSolution
		{58E58A0D-680F-4D7D-817D-4FDC93F862A4}.Debug|Any CPU.ActiveCfg = Debug|Any CPU
		{58E58A0D-680F-4D7D-817D-4FDC93F862A4}.Debug|Any CPU.Build.0 = Debug|Any CPU
		{58E58A0D-680F-4D7D-817D-4FDC93F862A4}.Release|Any CPU.ActiveCfg = Release|Any CPU
		{58E58A0D-680F-4D7D-817D-4FDC93F862A4}.Release|Any CPU.Build.0 = Release|Any CPU
		{A90C9DF3-70B9-491A-8C16-7F338E6C9B8C}.Debug|Any CPU.ActiveCfg = Debug|Any CPU
		{A90C9DF3-70B9-491A-8C16-7F338E6C9B8C}.Debug|Any CPU.Build.0 = Debug|Any CPU
		{A90C9DF3-70B9-491A-8C16-7F338E6C9B8C}.Release|Any CPU.ActiveCfg = Release|Any CPU
		{A90C9DF3-70B9-491A-8C16-7F338E6C9B8C}.Release|Any CPU.Build.0 = Release|Any CPU
	EndGlobalSection
	GlobalSection(SolutionProperties) = preSolution
		HideSolutionNode = FALSE
	EndGlobalSection
	GlobalSection(ExtensibilityGlobals) = postSolution
		SolutionGuid = {84CC9ABA-8A2F-4D99-9717-3C8C7EEB9B61}
	EndGlobalSection
EndGlobal
